
Microsoft Visual Studio Solution File, Format Version 12.00
# Visual Studio Version 16
VisualStudioVersion = 16.0.31613.86
MinimumVisualStudioVersion = 10.0.40219.1
Project("{FAE04EC0-301F-11D3-BF4B-00C04F79EFBC}") = "GetRefAssembliesTest", "GetRefAssembliesTest\GetRefAssembliesTest.csproj", "{8016D5DD-874A-4A0F-8E8B-BF2E3F6AF457}"
EndProject
Project("{FAE04EC0-301F-11D3-BF4B-00C04F79EFBC}") = "AssemblyA", "AssemblyA\AssemblyA.csproj", "{FF57F071-C418-45D6-901A-DC35B8CD1D7A}"
EndProject
Project("{FAE04EC0-301F-11D3-BF4B-00C04F79EFBC}") = "AssemblyB", "AssemblyB\AssemblyB.csproj", "{1F1B049F-E3D9-4597-9BA1-6B8458E400E2}"
EndProject
Global
	GlobalSection(SolutionConfigurationPlatforms) = preSolution
		Debug|Any CPU = Debug|Any CPU
		Release|Any CPU = Release|Any CPU
	EndGlobalSection
	GlobalSection(ProjectConfigurationPlatforms) = postSolution
		{8016D5DD-874A-4A0F-8E8B-BF2E3F6AF457}.Debug|Any CPU.ActiveCfg = Debug|Any CPU
		{8016D5DD-874A-4A0F-8E8B-BF2E3F6AF457}.Debug|Any CPU.Build.0 = Debug|Any CPU
		{8016D5DD-874A-4A0F-8E8B-BF2E3F6AF457}.Release|Any CPU.ActiveCfg = Release|Any CPU
		{8016D5DD-874A-4A0F-8E8B-BF2E3F6AF457}.Release|Any CPU.Build.0 = Release|Any CPU
		{FF57F071-C418-45D6-901A-DC35B8CD1D7A}.Debug|Any CPU.ActiveCfg = Debug|Any CPU
		{FF57F071-C418-45D6-901A-DC35B8CD1D7A}.Debug|Any CPU.Build.0 = Debug|Any CPU
		{FF57F071-C418-45D6-901A-DC35B8CD1D7A}.Release|Any CPU.ActiveCfg = Release|Any CPU
		{FF57F071-C418-45D6-901A-DC35B8CD1D7A}.Release|Any CPU.Build.0 = Release|Any CPU
		{1F1B049F-E3D9-4597-9BA1-6B8458E400E2}.Debug|Any CPU.ActiveCfg = Debug|Any CPU
		{1F1B049F-E3D9-4597-9BA1-6B8458E400E2}.Debug|Any CPU.Build.0 = Debug|Any CPU
		{1F1B049F-E3D9-4597-9BA1-6B8458E400E2}.Release|Any CPU.ActiveCfg = Release|Any CPU
		{1F1B049F-E3D9-4597-9BA1-6B8458E400E2}.Release|Any CPU.Build.0 = Release|Any CPU
	EndGlobalSection
	GlobalSection(SolutionProperties) = preSolution
		HideSolutionNode = FALSE
	EndGlobalSection
	GlobalSection(ExtensibilityGlobals) = postSolution
		SolutionGuid = {D62DFA66-2846-4AA2-B8A8-C359FF2F6FB8}
	EndGlobalSection
EndGlobal
